dependencies:
- name: postgresql
  repository: oci://registry-1.docker.io/bitnamicharts
  version: 18.1.13
- name: redis
  repository: oci://registry-1.docker.io/bitnamicharts
  version: 24.0.0
digest: sha256:b9f2c91636a35ffd23845314f581da3434a669d9c4e0d71daee70c4f0a0620a1
generated: "2025-11-25T12:53:02.623998486Z"
