dependencies:
- name: postgresql
  repository: oci://registry-1.docker.io/bitnamicharts
  version: 16.7.21
- name: redis
  repository: oci://registry-1.docker.io/bitnamicharts
  version: 21.2.13
digest: sha256:5e7f4606c47cfaa47fc8c630addb1e5299c746074e3dae1f9af4e72d68d02f17
generated: "2025-07-24T12:54:41.347828811Z"
