dependencies:
- name: postgresql
  repository: oci://registry-1.docker.io/bitnamicharts
  version: 18.0.9
- name: redis
  repository: oci://registry-1.docker.io/bitnamicharts
  version: 23.1.1
digest: sha256:0e739adbb341ded9e90200f9c4aa47169fea1f536199f75d133a4ae30bc82e05
generated: "2025-10-11T12:41:50.353745659Z"
